<?xml version="1.0" encoding="utf-8"?>
<Project ToolsVersion="4.0" xmlns="http://schemas.microsoft.com/developer/msbuild/2003">
  <ItemGroup>
    <ClInclude Include="pch.h" />
    <ClInclude Include="android_native_app_glue.h" />
    <ClInclude Include="Include\vulkan\vk_icd.h">
      <Filter>include</Filter>
    </ClInclude>
    <ClInclude Include="Include\vulkan\vk_layer.h">
      <Filter>include</Filter>
    </ClInclude>
    <ClInclude Include="Include\vulkan\vk_platform.h">
      <Filter>include</Filter>
    </ClInclude>
    <ClInclude Include="Include\vulkan\vk_sdk_platform.h">
      <Filter>include</Filter>
    </ClInclude>
    <ClInclude Include="Include\vulkan\vulkan.h">
      <Filter>include</Filter>
    </ClInclude>
    <ClInclude Include="common\vulkan_wrapper.h">
      <Filter>common</Filter>
    </ClInclude>
    <ClInclude Include="VkCommandBufferMgr.h" />
    <ClInclude Include="VkMemoryMgr.h" />
    <ClInclude Include="VulkanLayerAndExtension.h" />
    <ClInclude Include="VulkanInstance.h" />
    <ClInclude Include="VulkanDevice.h" />
    <ClInclude Include="VulkanApplication.h" />
  </ItemGroup>
  <ItemGroup>
    <ClCompile Include="android_native_app_glue.c" />
    <ClCompile Include="main.cpp" />
    <ClCompile Include="common\vulkan_wrapper.cpp">
      <Filter>common</Filter>
    </ClCompile>
    <ClCompile Include="VkCommandBufferMgr.cpp" />
    <ClCompile Include="VkMemoryMgr.cpp" />
    <ClCompile Include="VulkanLayerAndExtension.cpp" />
    <ClCompile Include="VulkanInstance.cpp" />
    <ClCompile Include="VulkanDevice.cpp" />
    <ClCompile Include="VulkanApplication.cpp" />
  </ItemGroup>
  <ItemGroup>
    <Filter Include="include">
      <UniqueIdentifier>{b377fac7-f1fb-4c65-9e9a-0438789c97e2}</UniqueIdentifier>
    </Filter>
    <Filter Include="common">
      <UniqueIdentifier>{a87d84c6-eaab-463f-a756-a7bca653ee12}</UniqueIdentifier>
    </Filter>
  </ItemGroup>
</Project>